Microsoft Visual Studio Solution File, Format Version 12.00
# Visual Studio Version 17
VisualStudioVersion = 17.5.2.0
MinimumVisualStudioVersion = 10.0.40219.1
Project("{FAE04EC0-301F-11D3-BF4B-00C04F79EFBC}") = "QRCodeAttendance", "QRCodeAttendance\QRCodeAttendance.csproj", "{28E7FD1C-64BB-2637-5654-61E1F253ACB2}"
EndProject
Global
	GlobalSection(SolutionConfigurationPlatforms) = preSolution
		Debug|Any CPU = Debug|Any CPU
		Release|Any CPU = Release|Any CPU
	EndGlobalSection
	GlobalSection(ProjectConfigurationPlatforms) = postSolution
		{28E7FD1C-64BB-2637-5654-61E1F253ACB2}.Debug|Any CPU.ActiveCfg = Debug|Any CPU
		{28E7FD1C-64BB-2637-5654-61E1F253ACB2}.Debug|Any CPU.Build.0 = Debug|Any CPU
		{28E7FD1C-64BB-2637-5654-61E1F253ACB2}.Release|Any CPU.ActiveCfg = Release|Any CPU
		{28E7FD1C-64BB-2637-5654-61E1F253ACB2}.Release|Any CPU.Build.0 = Release|Any CPU
	EndGlobalSection
	GlobalSection(SolutionProperties) = preSolution
		HideSolutionNode = FALSE
	EndGlobalSection
	GlobalSection(ExtensibilityGlobals) = postSolution
		SolutionGuid = {F6794C06-9A7E-4103-9D8C-E77FA0981317}
	EndGlobalSection
EndGlobal
